
Microsoft Visual Studio Solution File, Format Version 12.00
# Visual Studio Version 17
VisualStudioVersion = 17.0.31903.59
MinimumVisualStudioVersion = 10.0.40219.1
Project("{FAE04EC0-301F-11D3-BF4B-00C04F79EFBC}") = "CodeOrderAPI", "CodeOrderAPI\CodeOrderAPI.csproj", "{F05A8D32-B435-4599-B147-340FC39FFB87}"
EndProject
Global
	GlobalSection(SolutionConfigurationPlatforms) = preSolution
		Debug|Any CPU = Debug|Any CPU
		Release|Any CPU = Release|Any CPU
	EndGlobalSection
	GlobalSection(SolutionProperties) = preSolution
		HideSolutionNode = FALSE
	EndGlobalSection
	GlobalSection(ProjectConfigurationPlatforms) = postSolution
		{F05A8D32-B435-4599-B147-340FC39FFB87}.Debug|Any CPU.ActiveCfg = Debug|Any CPU
		{F05A8D32-B435-4599-B147-340FC39FFB87}.Debug|Any CPU.Build.0 = Debug|Any CPU
		{F05A8D32-B435-4599-B147-340FC39FFB87}.Release|Any CPU.ActiveCfg = Release|Any CPU
		{F05A8D32-B435-4599-B147-340FC39FFB87}.Release|Any CPU.Build.0 = Release|Any CPU
	EndGlobalSection
EndGlobal
